// !$*UTF8*$!
{
	archiveVersion = 1;
	classes = {
	};
	objectVersion = 48;
	objects = {

/* Begin PBXBuildFile section */
		65207A7F1FA151DE00494702 /* launchScreen 2.png in Resources */ = {isa = PBXBuildFile; fileRef = 65207A7E1FA151DD00494702 /* launchScreen 2.png */; };
		652D4B0A1F99568800224760 /* UserDefaultsManager.swift in Sources */ = {isa = PBXBuildFile; fileRef = 652D4B091F99568700224760 /* UserDefaultsManager.swift */; };
		656E73F61F9FD0F000810B88 /* Painted Paradise - Demo.ttf in Resources */ = {isa = PBXBuildFile; fileRef = 656E73F51F9FD0F000810B88 /* Painted Paradise - Demo.ttf */; };
		656E74151F9FD1AD00810B88 /* Icon-180.png in Resources */ = {isa = PBXBuildFile; fileRef = 656E73F71F9FD1AA00810B88 /* Icon-180.png */; };
		656E74161F9FD1AD00810B88 /* Icon-512.png in Resources */ = {isa = PBXBuildFile; fileRef = 656E73F81F9FD1AA00810B88 /* Icon-512.png */; };
		656E74171F9FD1AD00810B88 /* Icon-32.png in Resources */ = {isa = PBXBuildFile; fileRef = 656E73F91F9FD1AA00810B88 /* Icon-32.png */; };
		656E74181F9FD1AD00810B88 /* Icon-40.png in Resources */ = {isa = PBXBuildFile; fileRef = 656E73FA1F9FD1AA00810B88 /* Icon-40.png */; };
		656E74191F9FD1AD00810B88 /* Icon-128.png in Resources */ = {isa = PBXBuildFile; fileRef = 656E73FB1F9FD1AA00810B88 /* Icon-128.png */; };
		656E741A1F9FD1AD00810B88 /* Icon-1024.png in Resources */ = {isa = PBXBuildFile; fileRef = 656E73FC1F9FD1AA00810B88 /* Icon-1024.png */; };
		656E741B1F9FD1AD00810B88 /* Icon-16.png in Resources */ = {isa = PBXBuildFile; fileRef = 656E73FD1F9FD1AA00810B88 /* Icon-16.png */; };
		656E741C1F9FD1AD00810B88 /* Icon-152.png in Resources */ = {isa = PBXBuildFile; fileRef = 656E73FE1F9FD1AA00810B88 /* Icon-152.png */; };
		656E741D1F9FD1AD00810B88 /* Icon-57.png in Resources */ = {isa = PBXBuildFile; fileRef = 656E73FF1F9FD1AA00810B88 /* Icon-57.png */; };
		656E741E1F9FD1AD00810B88 /* Icon-87.png in Resources */ = {isa = PBXBuildFile; fileRef = 656E74001F9FD1AA00810B88 /* Icon-87.png */; };
		656E741F1F9FD1AD00810B88 /* Icon-167.png in Resources */ = {isa = PBXBuildFile; fileRef = 656E74011F9FD1AA00810B88 /* Icon-167.png */; };
		656E74201F9FD1AD00810B88 /* Icon-88.png in Resources */ = {isa = PBXBuildFile; fileRef = 656E74021F9FD1AA00810B88 /* Icon-88.png */; };
		656E74211F9FD1AD00810B88 /* Icon-120.png in Resources */ = {isa = PBXBuildFile; fileRef = 656E74031F9FD1AA00810B88 /* Icon-120.png */; };
		656E74221F9FD1AD00810B88 /* Icon-172.png in Resources */ = {isa = PBXBuildFile; fileRef = 656E74041F9FD1AA00810B88 /* Icon-172.png */; };
		656E74231F9FD1AD00810B88 /* Icon-196.png in Resources */ = {isa = PBXBuildFile; fileRef = 656E74051F9FD1AA00810B88 /* Icon-196.png */; };
		656E74241F9FD1AD00810B88 /* Icon-114.png in Resources */ = {isa = PBXBuildFile; fileRef = 656E74061F9FD1AB00810B88 /* Icon-114.png */; };
		656E74251F9FD1AD00810B88 /* Icon-55.png in Resources */ = {isa = PBXBuildFile; fileRef = 656E74071F9FD1AB00810B88 /* Icon-55.png */; };
		656E74261F9FD1AD00810B88 /* Icon-20.png in Resources */ = {isa = PBXBuildFile; fileRef = 656E74081F9FD1AB00810B88 /* Icon-20.png */; };
		656E74271F9FD1AD00810B88 /* Icon-64.png in Resources */ = {isa = PBXBuildFile; fileRef = 656E74091F9FD1AB00810B88 /* Icon-64.png */; };
		656E74281F9FD1AD00810B88 /* Icon-72.png in Resources */ = {isa = PBXBuildFile; fileRef = 656E740A1F9FD1AB00810B88 /* Icon-72.png */; };
		656E74291F9FD1AD00810B88 /* Icon-29.png in Resources */ = {isa = PBXBuildFile; fileRef = 656E740B1F9FD1AB00810B88 /* Icon-29.png */; };
		656E742A1F9FD1AD00810B88 /* Icon-50.png in Resources */ = {isa = PBXBuildFile; fileRef = 656E740C1F9FD1AB00810B88 /* Icon-50.png */; };
		656E742B1F9FD1AD00810B88 /* Icon-80.png in Resources */ = {isa = PBXBuildFile; fileRef = 656E740D1F9FD1AB00810B88 /* Icon-80.png */; };
		656E742C1F9FD1AD00810B88 /* Icon-58.png in Resources */ = {isa = PBXBuildFile; fileRef = 656E740E1F9FD1AB00810B88 /* Icon-58.png */; };
		656E742D1F9FD1AD00810B88 /* Icon-256.png in Resources */ = {isa = PBXBuildFile; fileRef = 656E740F1F9FD1AC00810B88 /* Icon-256.png */; };
		656E742E1F9FD1AD00810B88 /* Icon-100.png in Resources */ = {isa = PBXBuildFile; fileRef = 656E74101F9FD1AC00810B88 /* Icon-100.png */; };
		656E742F1F9FD1AD00810B88 /* Icon-48.png in Resources */ = {isa = PBXBuildFile; fileRef = 656E74111F9FD1AC00810B88 /* Icon-48.png */; };
		656E74301F9FD1AD00810B88 /* Icon-60.png in Resources */ = {isa = PBXBuildFile; fileRef = 656E74121F9FD1AC00810B88 /* Icon-60.png */; };
		656E74311F9FD1AD00810B88 /* Icon-144.png in Resources */ = {isa = PBXBuildFile; fileRef = 656E74131F9FD1AC00810B88 /* Icon-144.png */; };
		656E74321F9FD1AD00810B88 /* Icon-76.png in Resources */ = {isa = PBXBuildFile; fileRef = 656E74141F9FD1AD00810B88 /* Icon-76.png */; };
		656E74341F9FD1BF00810B88 /* back.png in Resources */ = {isa = PBXBuildFile; fileRef = 656E74331F9FD1BF00810B88 /* back.png */; };
		656E74361F9FF05800810B88 /* launchScreen.png in Resources */ = {isa = PBXBuildFile; fileRef = 656E74351F9FF05800810B88 /* launchScreen.png */; };
		6597CB6D1F967E4600A59A34 /* 1d.png in Resources */ = {isa = PBXBuildFile; fileRef = 6597CB5D1F967E4300A59A34 /* 1d.png */; };
		6597CB6E1F967E4600A59A34 /* 13c.png in Resources */ = {isa = PBXBuildFile; fileRef = 6597CB5E1F967E4300A59A34 /* 13c.png */; };
		6597CB6F1F967E4600A59A34 /* 12d.png in Resources */ = {isa = PBXBuildFile; fileRef = 6597CB5F1F967E4300A59A34 /* 12d.png */; };
		6597CB701F967E4600A59A34 /* 1s.png in Resources */ = {isa = PBXBuildFile; fileRef = 6597CB601F967E4300A59A34 /* 1s.png */; };
		6597CB711F967E4600A59A34 /* 11d.png in Resources */ = {isa = PBXBuildFile; fileRef = 6597CB611F967E4300A59A34 /* 11d.png */; };
		6597CB721F967E4600A59A34 /* 11s.png in Resources */ = {isa = PBXBuildFile; fileRef = 6597CB621F967E4400A59A34 /* 11s.png */; };
		6597CB731F967E4600A59A34 /* 12h.png in Resources */ = {isa = PBXBuildFile; fileRef = 6597CB631F967E4400A59A34 /* 12h.png */; };
		6597CB741F967E4600A59A34 /* 13h.png in Resources */ = {isa = PBXBuildFile; fileRef = 6597CB641F967E4400A59A34 /* 13h.png */; };
		6597CB751F967E4600A59A34 /* 11h.png in Resources */ = {isa = PBXBuildFile; fileRef = 6597CB651F967E4400A59A34 /* 11h.png */; };
		6597CB761F967E4600A59A34 /* 12c.png in Resources */ = {isa = PBXBuildFile; fileRef = 6597CB661F967E4400A59A34 /* 12c.png */; };
		6597CB771F967E4600A59A34 /* 1h.png in Resources */ = {isa = PBXBuildFile; fileRef = 6597CB671F967E4500A59A34 /* 1h.png */; };
		6597CB781F967E4600A59A34 /* 13s.png in Resources */ = {isa = PBXBuildFile; fileRef = 6597CB681F967E4500A59A34 /* 13s.png */; };
		6597CB791F967E4600A59A34 /* 12s.png in Resources */ = {isa = PBXBuildFile; fileRef = 6597CB691F967E4500A59A34 /* 12s.png */; };
		6597CB7A1F967E4600A59A34 /* 13d.png in Resources */ = {isa = PBXBuildFile; fileRef = 6597CB6A1F967E4500A59A34 /* 13d.png */; };
		6597CB7B1F967E4600A59A34 /* 11c.png in Resources */ = {isa = PBXBuildFile; fileRef = 6597CB6B1F967E4600A59A34 /* 11c.png */; };
		6597CB7C1F967E4600A59A34 /* 1c.png in Resources */ = {isa = PBXBuildFile; fileRef = 6597CB6C1F967E4600A59A34 /* 1c.png */; };
		65B7D0181F95327E005BF088 /* AppDelegate.swift in Sources */ = {isa = PBXBuildFile; fileRef = 65B7D0171F95327E005BF088 /* AppDelegate.swift */; };
		65B7D01A1F95327E005BF088 /* ViewController.swift in Sources */ = {isa = PBXBuildFile; fileRef = 65B7D0191F95327E005BF088 /* ViewController.swift */; };
		65B7D01D1F95327E005BF088 /* Main.storyboard in Resources */ = {isa = PBXBuildFile; fileRef = 65B7D01B1F95327E005BF088 /* Main.storyboard */; };
		65B7D01F1F95327E005BF088 /* Assets.xcassets in Resources */ = {isa = PBXBuildFile; fileRef = 65B7D01E1F95327E005BF088 /* Assets.xcassets */; };
		65B7D0221F95327E005BF088 /* LaunchScreen.storyboard in Resources */ = {isa = PBXBuildFile; fileRef = 65B7D0201F95327E005BF088 /* LaunchScreen.storyboard */; };
		65B7D0E11F953EEA005BF088 /* blur_1.png in Resources */ = {isa = PBXBuildFile; fileRef = 65B7D0DC1F953EEA005BF088 /* blur_1.png */; };
		65B7D0E21F953EEA005BF088 /* blur_3.png in Resources */ = {isa = PBXBuildFile; fileRef = 65B7D0DD1F953EEA005BF088 /* blur_3.png */; };
		65B7D0E31F953EEA005BF088 /* blur_5.png in Resources */ = {isa = PBXBuildFile; fileRef = 65B7D0DE1F953EEA005BF088 /* blur_5.png */; };
		65B7D0E41F953EEA005BF088 /* blur_4.png in Resources */ = {isa = PBXBuildFile; fileRef = 65B7D0DF1F953EEA005BF088 /* blur_4.png */; };
		65B7D0E51F953EEA005BF088 /* blur_2.png in Resources */ = {isa = PBXBuildFile; fileRef = 65B7D0E01F953EEA005BF088 /* blur_2.png */; };
		65B7D0EA1F953EF8005BF088 /* buttons.png in Resources */ = {isa = PBXBuildFile; fileRef = 65B7D0E61F953EF7005BF088 /* buttons.png */; };
		65B7D0EB1F953EF8005BF088 /* bg.png in Resources */ = {isa = PBXBuildFile; fileRef = 65B7D0E71F953EF8005BF088 /* bg.png */; };
		65B7D0ED1F953EF8005BF088 /* logo.png in Resources */ = {isa = PBXBuildFile; fileRef = 65B7D0E91F953EF8005BF088 /* logo.png */; };
		65B7D1241F95448E005BF088 /* 8h.png in Resources */ = {isa = PBXBuildFile; fileRef = 65B7D0EE1F954488005BF088 /* 8h.png */; };
		65B7D1261F95448E005BF088 /* 4h.png in Resources */ = {isa = PBXBuildFile; fileRef = 65B7D0F01F954488005BF088 /* 4h.png */; };
		65B7D1271F95448E005BF088 /* 2d.png in Resources */ = {isa = PBXBuildFile; fileRef = 65B7D0F11F954488005BF088 /* 2d.png */; };
		65B7D1281F95448E005BF088 /* 8s.png in Resources */ = {isa = PBXBuildFile; fileRef = 65B7D0F21F954488005BF088 /* 8s.png */; };
		65B7D1291F95448F005BF088 /* 6h.png in Resources */ = {isa = PBXBuildFile; fileRef = 65B7D0F31F954488005BF088 /* 6h.png */; };
		65B7D12D1F95448F005BF088 /* 3s.png in Resources */ = {isa = PBXBuildFile; fileRef = 65B7D0F71F954488005BF088 /* 3s.png */; };
		65B7D12E1F95448F005BF088 /* 9s.png in Resources */ = {isa = PBXBuildFile; fileRef = 65B7D0F81F954488005BF088 /* 9s.png */; };
		65B7D1301F95448F005BF088 /* 10c.png in Resources */ = {isa = PBXBuildFile; fileRef = 65B7D0FA1F954488005BF088 /* 10c.png */; };
		65B7D1311F95448F005BF088 /* 10h.png in Resources */ = {isa = PBXBuildFile; fileRef = 65B7D0FB1F954489005BF088 /* 10h.png */; };
		65B7D1331F95448F005BF088 /* 6d.png in Resources */ = {isa = PBXBuildFile; fileRef = 65B7D0FD1F954489005BF088 /* 6d.png */; };
		65B7D1341F95448F005BF088 /* 8c.png in Resources */ = {isa = PBXBuildFile; fileRef = 65B7D0FE1F954489005BF088 /* 8c.png */; };
		65B7D1351F95448F005BF088 /* 9c.png in Resources */ = {isa = PBXBuildFile; fileRef = 65B7D0FF1F954489005BF088 /* 9c.png */; };
		65B7D1361F95448F005BF088 /* 7h.png in Resources */ = {isa = PBXBuildFile; fileRef = 65B7D1001F954489005BF088 /* 7h.png */; };
		65B7D1381F95448F005BF088 /* 5c.png in Resources */ = {isa = PBXBuildFile; fileRef = 65B7D1021F954489005BF088 /* 5c.png */; };
		65B7D13A1F95448F005BF088 /* 4d.png in Resources */ = {isa = PBXBuildFile; fileRef = 65B7D1041F95448A005BF088 /* 4d.png */; };
		65B7D13B1F95448F005BF088 /* 9h.png in Resources */ = {isa = PBXBuildFile; fileRef = 65B7D1051F95448A005BF088 /* 9h.png */; };
		65B7D13C1F95448F005BF088 /* 10d.png in Resources */ = {isa = PBXBuildFile; fileRef = 65B7D1061F95448A005BF088 /* 10d.png */; };
		65B7D13D1F95448F005BF088 /* 5d.png in Resources */ = {isa = PBXBuildFile; fileRef = 65B7D1071F95448A005BF088 /* 5d.png */; };
		65B7D13E1F95448F005BF088 /* 7s.png in Resources */ = {isa = PBXBuildFile; fileRef = 65B7D1081F95448A005BF088 /* 7s.png */; };
		65B7D13F1F95448F005BF088 /* 2h.png in Resources */ = {isa = PBXBuildFile; fileRef = 65B7D1091F95448A005BF088 /* 2h.png */; };
		65B7D1401F95448F005BF088 /* 4s.png in Resources */ = {isa = PBXBuildFile; fileRef = 65B7D10A1F95448A005BF088 /* 4s.png */; };
		65B7D1421F95448F005BF088 /* 3d.png in Resources */ = {isa = PBXBuildFile; fileRef = 65B7D10C1F95448B005BF088 /* 3d.png */; };
		65B7D1441F95448F005BF088 /* 6s.png in Resources */ = {isa = PBXBuildFile; fileRef = 65B7D10E1F95448B005BF088 /* 6s.png */; };
		65B7D1451F95448F005BF088 /* 8d.png in Resources */ = {isa = PBXBuildFile; fileRef = 65B7D10F1F95448B005BF088 /* 8d.png */; };
		65B7D1461F95448F005BF088 /* 9d.png in Resources */ = {isa = PBXBuildFile; fileRef = 65B7D1101F95448B005BF088 /* 9d.png */; };
		65B7D1481F95448F005BF088 /* 5h.png in Resources */ = {isa = PBXBuildFile; fileRef = 65B7D1121F95448C005BF088 /* 5h.png */; };
		65B7D14A1F95448F005BF088 /* 2s.png in Resources */ = {isa = PBXBuildFile; fileRef = 65B7D1141F95448C005BF088 /* 2s.png */; };
		65B7D14B1F95448F005BF088 /* 3h.png in Resources */ = {isa = PBXBuildFile; fileRef = 65B7D1151F95448C005BF088 /* 3h.png */; };
		65B7D14C1F95448F005BF088 /* 7d.png in Resources */ = {isa = PBXBuildFile; fileRef = 65B7D1161F95448C005BF088 /* 7d.png */; };
		65B7D14D1F95448F005BF088 /* 5s.png in Resources */ = {isa = PBXBuildFile; fileRef = 65B7D1171F95448D005BF088 /* 5s.png */; };
		65B7D1501F95448F005BF088 /* 2c.png in Resources */ = {isa = PBXBuildFile; fileRef = 65B7D11A1F95448D005BF088 /* 2c.png */; };
		65B7D1511F95448F005BF088 /* 10s.png in Resources */ = {isa = PBXBuildFile; fileRef = 65B7D11B1F95448D005BF088 /* 10s.png */; };
		65B7D1521F95448F005BF088 /* 6c.png in Resources */ = {isa = PBXBuildFile; fileRef = 65B7D11C1F95448D005BF088 /* 6c.png */; };
		65B7D1541F95448F005BF088 /* 7c.png in Resources */ = {isa = PBXBuildFile; fileRef = 65B7D11E1F95448E005BF088 /* 7c.png */; };
		65B7D1561F95448F005BF088 /* 3c.png in Resources */ = {isa = PBXBuildFile; fileRef = 65B7D1201F95448E005BF088 /* 3c.png */; };
		65B7D1571F95448F005BF088 /* 4c.png in Resources */ = {isa = PBXBuildFile; fileRef = 65B7D1211F95448E005BF088 /* 4c.png */; };
		65B7D15F1F955326005BF088 /* PokerHands.swift in Sources */ = {isa = PBXBuildFile; fileRef = 65B7D15E1F955326005BF088 /* PokerHands.swift */; };
/* End PBXBuildFile section */

/* Begin PBXFileReference section */
		65207A7E1FA151DD00494702 /* launchScreen 2.png */ = {isa = PBXFileReference; lastKnownFileType = image.png; path = "launchScreen 2.png"; sourceTree = "<group>"; };
		652D4B091F99568700224760 /* UserDefaultsManager.swift */ = {isa = PBXFileReference; fileEncoding = 4; lastKnownFileType = sourcecode.swift; path = UserDefaultsManager.swift; sourceTree = "<group>"; };
		656E73F51F9FD0F000810B88 /* Painted Paradise - Demo.ttf */ = {isa = PBXFileReference; lastKnownFileType = file; path = "Painted Paradise - Demo.ttf"; sourceTree = "<group>"; };
		656E73F71F9FD1AA00810B88 /* Icon-180.png */ = {isa = PBXFileReference; lastKnownFileType = image.png; path = "Icon-180.png"; sourceTree = "<group>"; };
		656E73F81F9FD1AA00810B88 /* Icon-512.png */ = {isa = PBXFileReference; lastKnownFileType = image.png; path = "Icon-512.png"; sourceTree = "<group>"; };
		656E73F91F9FD1AA00810B88 /* Icon-32.png */ = {isa = PBXFileReference; lastKnownFileType = image.png; path = "Icon-32.png"; sourceTree = "<group>"; };
		656E73FA1F9FD1AA00810B88 /* Icon-40.png */ = {isa = PBXFileReference; lastKnownFileType = image.png; path = "Icon-40.png"; sourceTree = "<group>"; };
		656E73FB1F9FD1AA00810B88 /* Icon-128.png */ = {isa = PBXFileReference; lastKnownFileType = image.png; path = "Icon-128.png"; sourceTree = "<group>"; };
		656E73FC1F9FD1AA00810B88 /* Icon-1024.png */ = {isa = PBXFileReference; lastKnownFileType = image.png; path = "Icon-1024.png"; sourceTree = "<group>"; };
		656E73FD1F9FD1AA00810B88 /* Icon-16.png */ = {isa = PBXFileReference; lastKnownFileType = image.png; path = "Icon-16.png"; sourceTree = "<group>"; };
		656E73FE1F9FD1AA00810B88 /* Icon-152.png */ = {isa = PBXFileReference; lastKnownFileType = image.png; path = "Icon-152.png"; sourceTree = "<group>"; };
		656E73FF1F9FD1AA00810B88 /* Icon-57.png */ = {isa = PBXFileReference; lastKnownFileType = image.png; path = "Icon-57.png"; sourceTree = "<group>"; };
		656E74001F9FD1AA00810B88 /* Icon-87.png */ = {isa = PBXFileReference; lastKnownFileType = image.png; path = "Icon-87.png"; sourceTree = "<group>"; };
		656E74011F9FD1AA00810B88 /* Icon-167.png */ = {isa = PBXFileReference; lastKnownFileType = image.png; path = "Icon-167.png"; sourceTree = "<group>"; };
		656E74021F9FD1AA00810B88 /* Icon-88.png */ = {isa = PBXFileReference; lastKnownFileType = image.png; path = "Icon-88.png"; sourceTree = "<group>"; };
		656E74031F9FD1AA00810B88 /* Icon-120.png */ = {isa = PBXFileReference; lastKnownFileType = image.png; path = "Icon-120.png"; sourceTree = "<group>"; };
		656E74041F9FD1AA00810B88 /* Icon-172.png */ = {isa = PBXFileReference; lastKnownFileType = image.png; path = "Icon-172.png"; sourceTree = "<group>"; };
		656E74051F9FD1AA00810B88 /* Icon-196.png */ = {isa = PBXFileReference; lastKnownFileType = image.png; path = "Icon-196.png"; sourceTree = "<group>"; };
		656E74061F9FD1AB00810B88 /* Icon-114.png */ = {isa = PBXFileReference; lastKnownFileType = image.png; path = "Icon-114.png"; sourceTree = "<group>"; };
		656E74071F9FD1AB00810B88 /* Icon-55.png */ = {isa = PBXFileReference; lastKnownFileType = image.png; path = "Icon-55.png"; sourceTree = "<group>"; };
		656E74081F9FD1AB00810B88 /* Icon-20.png */ = {isa = PBXFileReference; lastKnownFileType = image.png; path = "Icon-20.png"; sourceTree = "<group>"; };
		656E74091F9FD1AB00810B88 /* Icon-64.png */ = {isa = PBXFileReference; lastKnownFileType = image.png; path = "Icon-64.png"; sourceTree = "<group>"; };
		656E740A1F9FD1AB00810B88 /* Icon-72.png */ = {isa = PBXFileReference; lastKnownFileType = image.png; path = "Icon-72.png"; sourceTree = "<group>"; };
		656E740B1F9FD1AB00810B88 /* Icon-29.png */ = {isa = PBXFileReference; lastKnownFileType = image.png; path = "Icon-29.png"; sourceTree = "<group>"; };
		656E740C1F9FD1AB00810B88 /* Icon-50.png */ = {isa = PBXFileReference; lastKnownFileType = image.png; path = "Icon-50.png"; sourceTree = "<group>"; };
		656E740D1F9FD1AB00810B88 /* Icon-80.png */ = {isa = PBXFileReference; lastKnownFileType = image.png; path = "Icon-80.png"; sourceTree = "<group>"; };
		656E740E1F9FD1AB00810B88 /* Icon-58.png */ = {isa = PBXFileReference; lastKnownFileType = image.png; path = "Icon-58.png"; sourceTree = "<group>"; };
		656E740F1F9FD1AC00810B88 /* Icon-256.png */ = {isa = PBXFileReference; lastKnownFileType = image.png; path = "Icon-256.png"; sourceTree = "<group>"; };
		656E74101F9FD1AC00810B88 /* Icon-100.png */ = {isa = PBXFileReference; lastKnownFileType = image.png; path = "Icon-100.png"; sourceTree = "<group>"; };
		656E74111F9FD1AC00810B88 /* Icon-48.png */ = {isa = PBXFileReference; lastKnownFileType = image.png; path = "Icon-48.png"; sourceTree = "<group>"; };
		656E74121F9FD1AC00810B88 /* Icon-60.png */ = {isa = PBXFileReference; lastKnownFileType = image.png; path = "Icon-60.png"; sourceTree = "<group>"; };
		656E74131F9FD1AC00810B88 /* Icon-144.png */ = {isa = PBXFileReference; lastKnownFileType = image.png; path = "Icon-144.png"; sourceTree = "<group>"; };
		656E74141F9FD1AD00810B88 /* Icon-76.png */ = {isa = PBXFileReference; lastKnownFileType = image.png; path = "Icon-76.png"; sourceTree = "<group>"; };
		656E74331F9FD1BF00810B88 /* back.png */ = {isa = PBXFileReference; lastKnownFileType = image.png; path = back.png; sourceTree = "<group>"; };
		656E74351F9FF05800810B88 /* launchScreen.png */ = {isa = PBXFileReference; lastKnownFileType = image.png; path = launchScreen.png; sourceTree = "<group>"; };
		6597CB5D1F967E4300A59A34 /* 1d.png */ = {isa = PBXFileReference; lastKnownFileType = image.png; path = 1d.png; sourceTree = "<group>"; };
		6597CB5E1F967E4300A59A34 /* 13c.png */ = {isa = PBXFileReference; lastKnownFileType = image.png; path = 13c.png; sourceTree = "<group>"; };
		6597CB5F1F967E4300A59A34 /* 12d.png */ = {isa = PBXFileReference; lastKnownFileType = image.png; path = 12d.png; sourceTree = "<group>"; };
		6597CB601F967E4300A59A34 /* 1s.png */ = {isa = PBXFileReference; lastKnownFileType = image.png; path = 1s.png; sourceTree = "<group>"; };
		6597CB611F967E4300A59A34 /* 11d.png */ = {isa = PBXFileReference; lastKnownFileType = image.png; path = 11d.png; sourceTree = "<group>"; };
		6597CB621F967E4400A59A34 /* 11s.png */ = {isa = PBXFileReference; lastKnownFileType = image.png; path = 11s.png; sourceTree = "<group>"; };
		6597CB631F967E4400A59A34 /* 12h.png */ = {isa = PBXFileReference; lastKnownFileType = image.png; path = 12h.png; sourceTree = "<group>"; };
		6597CB641F967E4400A59A34 /* 13h.png */ = {isa = PBXFileReference; lastKnownFileType = image.png; path = 13h.png; sourceTree = "<group>"; };
		6597CB651F967E4400A59A34 /* 11h.png */ = {isa = PBXFileReference; lastKnownFileType = image.png; path = 11h.png; sourceTree = "<group>"; };
		6597CB661F967E4400A59A34 /* 12c.png */ = {isa = PBXFileReference; lastKnownFileType = image.png; path = 12c.png; sourceTree = "<group>"; };
		6597CB671F967E4500A59A34 /* 1h.png */ = {isa = PBXFileReference; lastKnownFileType = image.png; path = 1h.png; sourceTree = "<group>"; };
		6597CB681F967E4500A59A34 /* 13s.png */ = {isa = PBXFileReference; lastKnownFileType = image.png; path = 13s.png; sourceTree = "<group>"; };
		6597CB691F967E4500A59A34 /* 12s.png */ = {isa = PBXFileReference; lastKnownFileType = image.png; path = 12s.png; sourceTree = "<group>"; };
		6597CB6A1F967E4500A59A34 /* 13d.png */ = {isa = PBXFileReference; lastKnownFileType = image.png; path = 13d.png; sourceTree = "<group>"; };
		6597CB6B1F967E4600A59A34 /* 11c.png */ = {isa = PBXFileReference; lastKnownFileType = image.png; path = 11c.png; sourceTree = "<group>"; };
		6597CB6C1F967E4600A59A34 /* 1c.png */ = {isa = PBXFileReference; lastKnownFileType = image.png; path = 1c.png; sourceTree = "<group>"; };
		65B7D0141F95327E005BF088 /* ipoker.app */ = {isa = PBXFileReference; explicitFileType = wrapper.application; includeInIndex = 0; path = ipoker.app; sourceTree = BUILT_PRODUCTS_DIR; };
		65B7D0171F95327E005BF088 /* AppDelegate.swift */ = {isa = PBXFileReference; lastKnownFileType = sourcecode.swift; path = AppDelegate.swift; sourceTree = "<group>"; };
		65B7D0191F95327E005BF088 /* ViewController.swift */ = {isa = PBXFileReference; lastKnownFileType = sourcecode.swift; path = ViewController.swift; sourceTree = "<group>"; };
		65B7D01C1F95327E005BF088 /* Base */ = {isa = PBXFileReference; lastKnownFileType = file.storyboard; name = Base; path = Base.lproj/Main.storyboard; sourceTree = "<group>"; };
		65B7D01E1F95327E005BF088 /* Assets.xcassets */ = {isa = PBXFileReference; lastKnownFileType = folder.assetcatalog; path = Assets.xcassets; sourceTree = "<group>"; };
		65B7D0211F95327E005BF088 /* Base */ = {isa = PBXFileReference; lastKnownFileType = file.storyboard; name = Base; path = Base.lproj/LaunchScreen.storyboard; sourceTree = "<group>"; };
		65B7D0231F95327E005BF088 /* Info.plist */ = {isa = PBXFileReference; lastKnownFileType = text.plist.xml; path = Info.plist; sourceTree = "<group>"; };
		65B7D0DC1F953EEA005BF088 /* blur_1.png */ = {isa = PBXFileReference; lastKnownFileType = image.png; path = blur_1.png; sourceTree = "<group>"; };
		65B7D0DD1F953EEA005BF088 /* blur_3.png */ = {isa = PBXFileReference; lastKnownFileType = image.png; path = blur_3.png; sourceTree = "<group>"; };
		65B7D0DE1F953EEA005BF088 /* blur_5.png */ = {isa = PBXFileReference; lastKnownFileType = image.png; path = blur_5.png; sourceTree = "<group>"; };
		65B7D0DF1F953EEA005BF088 /* blur_4.png */ = {isa = PBXFileReference; lastKnownFileType = image.png; path = blur_4.png; sourceTree = "<group>"; };
		65B7D0E01F953EEA005BF088 /* blur_2.png */ = {isa = PBXFileReference; lastKnownFileType = image.png; path = blur_2.png; sourceTree = "<group>"; };
		65B7D0E61F953EF7005BF088 /* buttons.png */ = {isa = PBXFileReference; lastKnownFileType = image.png; path = buttons.png; sourceTree = "<group>"; };
		65B7D0E71F953EF8005BF088 /* bg.png */ = {isa = PBXFileReference; lastKnownFileType = image.png; path = bg.png; sourceTree = "<group>"; };
		65B7D0E91F953EF8005BF088 /* logo.png */ = {isa = PBXFileReference; lastKnownFileType = image.png; path = logo.png; sourceTree = "<group>"; };
		65B7D0EE1F954488005BF088 /* 8h.png */ = {isa = PBXFileReference; lastKnownFileType = image.png; path = 8h.png; sourceTree = "<group>"; };
		65B7D0F01F954488005BF088 /* 4h.png */ = {isa = PBXFileReference; lastKnownFileType = image.png; path = 4h.png; sourceTree = "<group>"; };
		65B7D0F11F954488005BF088 /* 2d.png */ = {isa = PBXFileReference; lastKnownFileType = image.png; path = 2d.png; sourceTree = "<group>"; };
		65B7D0F21F954488005BF088 /* 8s.png */ = {isa = PBXFileReference; lastKnownFileType = image.png; path = 8s.png; sourceTree = "<group>"; };
		65B7D0F31F954488005BF088 /* 6h.png */ = {isa = PBXFileReference; lastKnownFileType = image.png; path = 6h.png; sourceTree = "<group>"; };
		65B7D0F71F954488005BF088 /* 3s.png */ = {isa = PBXFileReference; lastKnownFileType = image.png; path = 3s.png; sourceTree = "<group>"; };
		65B7D0F81F954488005BF088 /* 9s.png */ = {isa = PBXFileReference; lastKnownFileType = image.png; path = 9s.png; sourceTree = "<group>"; };
		65B7D0FA1F954488005BF088 /* 10c.png */ = {isa = PBXFileReference; lastKnownFileType = image.png; path = 10c.png; sourceTree = "<group>"; };
		65B7D0FB1F954489005BF088 /* 10h.png */ = {isa = PBXFileReference; lastKnownFileType = image.png; path = 10h.png; sourceTree = "<group>"; };
		65B7D0FD1F954489005BF088 /* 6d.png */ = {isa = PBXFileReference; lastKnownFileType = image.png; path = 6d.png; sourceTree = "<group>"; };
		65B7D0FE1F954489005BF088 /* 8c.png */ = {isa = PBXFileReference; lastKnownFileType = image.png; path = 8c.png; sourceTree = "<group>"; };
		65B7D0FF1F954489005BF088 /* 9c.png */ = {isa = PBXFileReference; lastKnownFileType = image.png; path = 9c.png; sourceTree = "<group>"; };
		65B7D1001F954489005BF088 /* 7h.png */ = {isa = PBXFileReference; lastKnownFileType = image.png; path = 7h.png; sourceTree = "<group>"; };
		65B7D1021F954489005BF088 /* 5c.png */ = {isa = PBXFileReference; lastKnownFileType = image.png; path = 5c.png; sourceTree = "<group>"; };
		65B7D1041F95448A005BF088 /* 4d.png */ = {isa = PBXFileReference; lastKnownFileType = image.png; path = 4d.png; sourceTree = "<group>"; };
		65B7D1051F95448A005BF088 /* 9h.png */ = {isa = PBXFileReference; lastKnownFileType = image.png; path = 9h.png; sourceTree = "<group>"; };
		65B7D1061F95448A005BF088 /* 10d.png */ = {isa = PBXFileReference; lastKnownFileType = image.png; path = 10d.png; sourceTree = "<group>"; };
		65B7D1071F95448A005BF088 /* 5d.png */ = {isa = PBXFileReference; lastKnownFileType = image.png; path = 5d.png; sourceTree = "<group>"; };
		65B7D1081F95448A005BF088 /* 7s.png */ = {isa = PBXFileReference; lastKnownFileType = image.png; path = 7s.png; sourceTree = "<group>"; };
		65B7D1091F95448A005BF088 /* 2h.png */ = {isa = PBXFileReference; lastKnownFileType = image.png; path = 2h.png; sourceTree = "<group>"; };
		65B7D10A1F95448A005BF088 /* 4s.png */ = {isa = PBXFileReference; lastKnownFileType = image.png; path = 4s.png; sourceTree = "<group>"; };
		65B7D10C1F95448B005BF088 /* 3d.png */ = {isa = PBXFileReference; lastKnownFileType = image.png; path = 3d.png; sourceTree = "<group>"; };
		65B7D10E1F95448B005BF088 /* 6s.png */ = {isa = PBXFileReference; lastKnownFileType = image.png; path = 6s.png; sourceTree = "<group>"; };
		65B7D10F1F95448B005BF088 /* 8d.png */ = {isa = PBXFileReference; lastKnownFileType = image.png; path = 8d.png; sourceTree = "<group>"; };
		65B7D1101F95448B005BF088 /* 9d.png */ = {isa = PBXFileReference; lastKnownFileType = image.png; path = 9d.png; sourceTree = "<group>"; };
		65B7D1121F95448C005BF088 /* 5h.png */ = {isa = PBXFileReference; lastKnownFileType = image.png; path = 5h.png; sourceTree = "<group>"; };
		65B7D1141F95448C005BF088 /* 2s.png */ = {isa = PBXFileReference; lastKnownFileType = image.png; path = 2s.png; sourceTree = "<group>"; };
		65B7D1151F95448C005BF088 /* 3h.png */ = {isa = PBXFileReference; lastKnownFileType = image.png; path = 3h.png; sourceTree = "<group>"; };
		65B7D1161F95448C005BF088 /* 7d.png */ = {isa = PBXFileReference; lastKnownFileType = image.png; path = 7d.png; sourceTree = "<group>"; };
		65B7D1171F95448D005BF088 /* 5s.png */ = {isa = PBXFileReference; lastKnownFileType = image.png; path = 5s.png; sourceTree = "<group>"; };
		65B7D11A1F95448D005BF088 /* 2c.png */ = {isa = PBXFileReference; lastKnownFileType = image.png; path = 2c.png; sourceTree = "<group>"; };
		65B7D11B1F95448D005BF088 /* 10s.png */ = {isa = PBXFileReference; lastKnownFileType = image.png; path = 10s.png; sourceTree = "<group>"; };
		65B7D11C1F95448D005BF088 /* 6c.png */ = {isa = PBXFileReference; lastKnownFileType = image.png; path = 6c.png; sourceTree = "<group>"; };
		65B7D11E1F95448E005BF088 /* 7c.png */ = {isa = PBXFileReference; lastKnownFileType = image.png; path = 7c.png; sourceTree = "<group>"; };
		65B7D1201F95448E005BF088 /* 3c.png */ = {isa = PBXFileReference; lastKnownFileType = image.png; path = 3c.png; sourceTree = "<group>"; };
		65B7D1211F95448E005BF088 /* 4c.png */ = {isa = PBXFileReference; lastKnownFileType = image.png; path = 4c.png; sourceTree = "<group>"; };
		65B7D15E1F955326005BF088 /* PokerHands.swift */ = {isa = PBXFileReference; fileEncoding = 4; lastKnownFileType = sourcecode.swift; path = PokerHands.swift; sourceTree = "<group>"; };
/* End PBXFileReference section */

/* Begin PBXFrameworksBuildPhase section */
		65B7D0111F95327E005BF088 /* Frameworks */ = {
			isa = PBXFrameworksBuildPhase;
			buildActionMask = 2147483647;
			files = (
			);
			runOnlyForDeploymentPostprocessing = 0;
		};
/* End PBXFrameworksBuildPhase section */

/* Begin PBXGroup section */
		656E73F41F9FD09A00810B88 /* icones */ = {
			isa = PBXGroup;
			children = (
				656E73FD1F9FD1AA00810B88 /* Icon-16.png */,
				656E74081F9FD1AB00810B88 /* Icon-20.png */,
				656E740B1F9FD1AB00810B88 /* Icon-29.png */,
				656E73F91F9FD1AA00810B88 /* Icon-32.png */,
				656E73FA1F9FD1AA00810B88 /* Icon-40.png */,
				656E74111F9FD1AC00810B88 /* Icon-48.png */,
				656E740C1F9FD1AB00810B88 /* Icon-50.png */,
				656E74071F9FD1AB00810B88 /* Icon-55.png */,
				656E73FF1F9FD1AA00810B88 /* Icon-57.png */,
				656E740E1F9FD1AB00810B88 /* Icon-58.png */,
				656E74121F9FD1AC00810B88 /* Icon-60.png */,
				656E74091F9FD1AB00810B88 /* Icon-64.png */,
				656E740A1F9FD1AB00810B88 /* Icon-72.png */,
				656E74141F9FD1AD00810B88 /* Icon-76.png */,
				656E740D1F9FD1AB00810B88 /* Icon-80.png */,
				656E74001F9FD1AA00810B88 /* Icon-87.png */,
				656E74021F9FD1AA00810B88 /* Icon-88.png */,
				656E74101F9FD1AC00810B88 /* Icon-100.png */,
				656E74061F9FD1AB00810B88 /* Icon-114.png */,
				656E74031F9FD1AA00810B88 /* Icon-120.png */,
				656E73FB1F9FD1AA00810B88 /* Icon-128.png */,
				656E74131F9FD1AC00810B88 /* Icon-144.png */,
				656E73FE1F9FD1AA00810B88 /* Icon-152.png */,
				656E74011F9FD1AA00810B88 /* Icon-167.png */,
				656E74041F9FD1AA00810B88 /* Icon-172.png */,
				656E73F71F9FD1AA00810B88 /* Icon-180.png */,
				656E74051F9FD1AA00810B88 /* Icon-196.png */,
				656E740F1F9FD1AC00810B88 /* Icon-256.png */,
				656E73F81F9FD1AA00810B88 /* Icon-512.png */,
				656E73FC1F9FD1AA00810B88 /* Icon-1024.png */,
			);
			path = icones;
			sourceTree = "<group>";
		};
		65B7D00B1F95327D005BF088 = {
			isa = PBXGroup;
			children = (
				65B7D0161F95327E005BF088 /* ipoker */,
				65B7D0151F95327E005BF088 /* Products */,
			);
			sourceTree = "<group>";
		};
		65B7D0151F95327E005BF088 /* Products */ = {
			isa = PBXGroup;
			children = (
				65B7D0141F95327E005BF088 /* ipoker.app */,
			);
			name = Products;
			sourceTree = "<group>";
		};
		65B7D0161F95327E005BF088 /* ipoker */ = {
			isa = PBXGroup;
			children = (
				652D4B091F99568700224760 /* UserDefaultsManager.swift */,
				65B7D15E1F955326005BF088 /* PokerHands.swift */,
				65B7D02C1F9533DA005BF088 /* images */,
				65B7D02A1F95338D005BF088 /* Fonts */,
				65B7D0171F95327E005BF088 /* AppDelegate.swift */,
				65B7D0191F95327E005BF088 /* ViewController.swift */,
				65B7D01B1F95327E005BF088 /* Main.storyboard */,
				65B7D01E1F95327E005BF088 /* Assets.xcassets */,
				65B7D0201F95327E005BF088 /* LaunchScreen.storyboard */,
				65B7D0231F95327E005BF088 /* Info.plist */,
			);
			path = ipoker;
			sourceTree = "<group>";
		};
		65B7D02A1F95338D005BF088 /* Fonts */ = {
			isa = PBXGroup;
			children = (
				656E73F51F9FD0F000810B88 /* Painted Paradise - Demo.ttf */,
			);
			path = Fonts;
			sourceTree = "<group>";
		};
		65B7D02C1F9533DA005BF088 /* images */ = {
			isa = PBXGroup;
			children = (
				656E73F41F9FD09A00810B88 /* icones */,
				65B7D0351F953D75005BF088 /* cards */,
				65B7D0341F953D58005BF088 /* misc */,
				65B7D0331F953D4F005BF088 /* blurs */,
			);
			path = images;
			sourceTree = "<group>";
		};
		65B7D0331F953D4F005BF088 /* blurs */ = {
			isa = PBXGroup;
			children = (
				65B7D0DC1F953EEA005BF088 /* blur_1.png */,
				65B7D0E01F953EEA005BF088 /* blur_2.png */,
				65B7D0DD1F953EEA005BF088 /* blur_3.png */,
				65B7D0DF1F953EEA005BF088 /* blur_4.png */,
				65B7D0DE1F953EEA005BF088 /* blur_5.png */,
			);
			path = blurs;
			sourceTree = "<group>";
		};
		65B7D0341F953D58005BF088 /* misc */ = {
			isa = PBXGroup;
			children = (
				65207A7E1FA151DD00494702 /* launchScreen 2.png */,
				656E74351F9FF05800810B88 /* launchScreen.png */,
				65B7D0E71F953EF8005BF088 /* bg.png */,
				65B7D0E61F953EF7005BF088 /* buttons.png */,
				65B7D0E91F953EF8005BF088 /* logo.png */,
			);
			path = misc;
			sourceTree = "<group>";
		};
		65B7D0351F953D75005BF088 /* cards */ = {
			isa = PBXGroup;
			children = (
				656E74331F9FD1BF00810B88 /* back.png */,
				6597CB6C1F967E4600A59A34 /* 1c.png */,
				6597CB5D1F967E4300A59A34 /* 1d.png */,
				6597CB671F967E4500A59A34 /* 1h.png */,
				6597CB601F967E4300A59A34 /* 1s.png */,
				6597CB6B1F967E4600A59A34 /* 11c.png */,
				6597CB611F967E4300A59A34 /* 11d.png */,
				6597CB651F967E4400A59A34 /* 11h.png */,
				6597CB621F967E4400A59A34 /* 11s.png */,
				6597CB661F967E4400A59A34 /* 12c.png */,
				6597CB5F1F967E4300A59A34 /* 12d.png */,
				6597CB631F967E4400A59A34 /* 12h.png */,
				6597CB691F967E4500A59A34 /* 12s.png */,
				6597CB5E1F967E4300A59A34 /* 13c.png */,
				6597CB6A1F967E4500A59A34 /* 13d.png */,
				6597CB641F967E4400A59A34 /* 13h.png */,
				6597CB681F967E4500A59A34 /* 13s.png */,
				65B7D11A1F95448D005BF088 /* 2c.png */,
				65B7D0F11F954488005BF088 /* 2d.png */,
				65B7D1091F95448A005BF088 /* 2h.png */,
				65B7D1141F95448C005BF088 /* 2s.png */,
				65B7D1201F95448E005BF088 /* 3c.png */,
				65B7D10C1F95448B005BF088 /* 3d.png */,
				65B7D1151F95448C005BF088 /* 3h.png */,
				65B7D0F71F954488005BF088 /* 3s.png */,
				65B7D1211F95448E005BF088 /* 4c.png */,
				65B7D1041F95448A005BF088 /* 4d.png */,
				65B7D0F01F954488005BF088 /* 4h.png */,
				65B7D10A1F95448A005BF088 /* 4s.png */,
				65B7D1021F954489005BF088 /* 5c.png */,
				65B7D1071F95448A005BF088 /* 5d.png */,
				65B7D1121F95448C005BF088 /* 5h.png */,
				65B7D1171F95448D005BF088 /* 5s.png */,
				65B7D11C1F95448D005BF088 /* 6c.png */,
				65B7D0FD1F954489005BF088 /* 6d.png */,
				65B7D0F31F954488005BF088 /* 6h.png */,
				65B7D10E1F95448B005BF088 /* 6s.png */,
				65B7D11E1F95448E005BF088 /* 7c.png */,
				65B7D1161F95448C005BF088 /* 7d.png */,
				65B7D1001F954489005BF088 /* 7h.png */,
				65B7D1081F95448A005BF088 /* 7s.png */,
				65B7D0FE1F954489005BF088 /* 8c.png */,
				65B7D10F1F95448B005BF088 /* 8d.png */,
				65B7D0EE1F954488005BF088 /* 8h.png */,
				65B7D0F21F954488005BF088 /* 8s.png */,
				65B7D0FF1F954489005BF088 /* 9c.png */,
				65B7D1101F95448B005BF088 /* 9d.png */,
				65B7D1051F95448A005BF088 /* 9h.png */,
				65B7D0F81F954488005BF088 /* 9s.png */,
				65B7D0FA1F954488005BF088 /* 10c.png */,
				65B7D1061F95448A005BF088 /* 10d.png */,
				65B7D0FB1F954489005BF088 /* 10h.png */,
				65B7D11B1F95448D005BF088 /* 10s.png */,
			);
			path = cards;
			sourceTree = "<group>";
		};
/* End PBXGroup section */

/* Begin PBXNativeTarget section */
		65B7D0131F95327E005BF088 /* ipoker */ = {
			isa = PBXNativeTarget;
			buildConfigurationList = 65B7D0261F95327E005BF088 /* Build configuration list for PBXNativeTarget "ipoker" */;
			buildPhases = (
				65B7D0101F95327E005BF088 /* Sources */,
				65B7D0111F95327E005BF088 /* Frameworks */,
				65B7D0121F95327E005BF088 /* Resources */,
			);
			buildRules = (
			);
			dependencies = (
			);
			name = ipoker;
			productName = ipoker;
			productReference = 65B7D0141F95327E005BF088 /* ipoker.app */;
			productType = "com.apple.product-type.application";
		};
/* End PBXNativeTarget section */

/* Begin PBXProject section */
		65B7D00C1F95327D005BF088 /* Project object */ = {
			isa = PBXProject;
			attributes = {
				LastSwiftUpdateCheck = 0900;
				LastUpgradeCheck = 0900;
				ORGANIZATIONNAME = BensNedalus;
				TargetAttributes = {
					65B7D0131F95327E005BF088 = {
						CreatedOnToolsVersion = 9.0;
						ProvisioningStyle = Automatic;
					};
				};
			};
			buildConfigurationList = 65B7D00F1F95327D005BF088 /* Build configuration list for PBXProject "ipoker" */;
			compatibilityVersion = "Xcode 8.0";
			developmentRegion = en;
			hasScannedForEncodings = 0;
			knownRegions = (
				en,
				Base,
			);
			mainGroup = 65B7D00B1F95327D005BF088;
			productRefGroup = 65B7D0151F95327E005BF088 /* Products */;
			projectDirPath = "";
			projectRoot = "";
			targets = (
				65B7D0131F95327E005BF088 /* ipoker */,
			);
		};
/* End PBXProject section */

/* Begin PBXResourcesBuildPhase section */
		65B7D0121F95327E005BF088 /* Resources */ = {
			isa = PBXResourcesBuildPhase;
			buildActionMask = 2147483647;
			files = (
				65B7D1381F95448F005BF088 /* 5c.png in Resources */,
				656E741A1F9FD1AD00810B88 /* Icon-1024.png in Resources */,
				656E74231F9FD1AD00810B88 /* Icon-196.png in Resources */,
				65B7D1401F95448F005BF088 /* 4s.png in Resources */,
				65B7D14A1F95448F005BF088 /* 2s.png in Resources */,
				656E74281F9FD1AD00810B88 /* Icon-72.png in Resources */,
				656E74151F9FD1AD00810B88 /* Icon-180.png in Resources */,
				65B7D1561F95448F005BF088 /* 3c.png in Resources */,
				65B7D0EB1F953EF8005BF088 /* bg.png in Resources */,
				65B7D1341F95448F005BF088 /* 8c.png in Resources */,
				6597CB771F967E4600A59A34 /* 1h.png in Resources */,
				65207A7F1FA151DE00494702 /* launchScreen 2.png in Resources */,
				65B7D1361F95448F005BF088 /* 7h.png in Resources */,
				65B7D0EA1F953EF8005BF088 /* buttons.png in Resources */,
				65B7D0E31F953EEA005BF088 /* blur_5.png in Resources */,
				65B7D1421F95448F005BF088 /* 3d.png in Resources */,
				656E74251F9FD1AD00810B88 /* Icon-55.png in Resources */,
				6597CB761F967E4600A59A34 /* 12c.png in Resources */,
				656E74191F9FD1AD00810B88 /* Icon-128.png in Resources */,
				65B7D13E1F95448F005BF088 /* 7s.png in Resources */,
				656E74261F9FD1AD00810B88 /* Icon-20.png in Resources */,
				65B7D14B1F95448F005BF088 /* 3h.png in Resources */,
				656E742A1F9FD1AD00810B88 /* Icon-50.png in Resources */,
				6597CB6F1F967E4600A59A34 /* 12d.png in Resources */,
				6597CB7C1F967E4600A59A34 /* 1c.png in Resources */,
				65B7D1331F95448F005BF088 /* 6d.png in Resources */,
				656E74291F9FD1AD00810B88 /* Icon-29.png in Resources */,
				6597CB791F967E4600A59A34 /* 12s.png in Resources */,
				6597CB741F967E4600A59A34 /* 13h.png in Resources */,
				6597CB711F967E4600A59A34 /* 11d.png in Resources */,
				65B7D1301F95448F005BF088 /* 10c.png in Resources */,
				65B7D13C1F95448F005BF088 /* 10d.png in Resources */,
				656E74341F9FD1BF00810B88 /* back.png in Resources */,
				65B7D1291F95448F005BF088 /* 6h.png in Resources */,
				656E73F61F9FD0F000810B88 /* Painted Paradise - Demo.ttf in Resources */,
				656E74271F9FD1AD00810B88 /* Icon-64.png in Resources */,
				65B7D0221F95327E005BF088 /* LaunchScreen.storyboard in Resources */,
				656E742B1F9FD1AD00810B88 /* Icon-80.png in Resources */,
				656E74201F9FD1AD00810B88 /* Icon-88.png in Resources */,
				656E741F1F9FD1AD00810B88 /* Icon-167.png in Resources */,
				65B7D1541F95448F005BF088 /* 7c.png in Resources */,
				656E74171F9FD1AD00810B88 /* Icon-32.png in Resources */,
				65B7D01F1F95327E005BF088 /* Assets.xcassets in Resources */,
				65B7D1281F95448E005BF088 /* 8s.png in Resources */,
				65B7D14D1F95448F005BF088 /* 5s.png in Resources */,
				65B7D1521F95448F005BF088 /* 6c.png in Resources */,
				656E741D1F9FD1AD00810B88 /* Icon-57.png in Resources */,
				656E741E1F9FD1AD00810B88 /* Icon-87.png in Resources */,
				65B7D13D1F95448F005BF088 /* 5d.png in Resources */,
				6597CB721F967E4600A59A34 /* 11s.png in Resources */,
				6597CB701F967E4600A59A34 /* 1s.png in Resources */,
				6597CB751F967E4600A59A34 /* 11h.png in Resources */,
				656E74241F9FD1AD00810B88 /* Icon-114.png in Resources */,
				65B7D0ED1F953EF8005BF088 /* logo.png in Resources */,
				65B7D12E1F95448F005BF088 /* 9s.png in Resources */,
				65B7D13F1F95448F005BF088 /* 2h.png in Resources */,
				6597CB781F967E4600A59A34 /* 13s.png in Resources */,
				65B7D01D1F95327E005BF088 /* Main.storyboard in Resources */,
				65B7D0E21F953EEA005BF088 /* blur_3.png in Resources */,
				65B7D0E51F953EEA005BF088 /* blur_2.png in Resources */,
				65B7D1481F95448F005BF088 /* 5h.png in Resources */,
				656E74161F9FD1AD00810B88 /* Icon-512.png in Resources */,
				65B7D1461F95448F005BF088 /* 9d.png in Resources */,
				656E74361F9FF05800810B88 /* launchScreen.png in Resources */,
				656E742D1F9FD1AD00810B88 /* Icon-256.png in Resources */,
				65B7D14C1F95448F005BF088 /* 7d.png in Resources */,
				6597CB7B1F967E4600A59A34 /* 11c.png in Resources */,
				6597CB7A1F967E4600A59A34 /* 13d.png in Resources */,
				65B7D1261F95448E005BF088 /* 4h.png in Resources */,
				656E74211F9FD1AD00810B88 /* Icon-120.png in Resources */,
				6597CB6D1F967E4600A59A34 /* 1d.png in Resources */,
				65B7D13B1F95448F005BF088 /* 9h.png in Resources */,
				656E74181F9FD1AD00810B88 /* Icon-40.png in Resources */,
				65B7D0E11F953EEA005BF088 /* blur_1.png in Resources */,
				65B7D1441F95448F005BF088 /* 6s.png in Resources */,
				65B7D1501F95448F005BF088 /* 2c.png in Resources */,
				65B7D12D1F95448F005BF088 /* 3s.png in Resources */,
				656E742C1F9FD1AD00810B88 /* Icon-58.png in Resources */,
				656E74321F9FD1AD00810B88 /* Icon-76.png in Resources */,
				65B7D1571F95448F005BF088 /* 4c.png in Resources */,
				65B7D1451F95448F005BF088 /* 8d.png in Resources */,
				656E741C1F9FD1AD00810B88 /* Icon-152.png in Resources */,
				65B7D1241F95448E005BF088 /* 8h.png in Resources */,
				65B7D1511F95448F005BF088 /* 10s.png in Resources */,
				65B7D1311F95448F005BF088 /* 10h.png in Resources */,
				656E741B1F9FD1AD00810B88 /* Icon-16.png in Resources */,
				656E74311F9FD1AD00810B88 /* Icon-144.png in Resources */,
				656E74301F9FD1AD00810B88 /* Icon-60.png in Resources */,
				65B7D13A1F95448F005BF088 /* 4d.png in Resources */,
				656E742F1F9FD1AD00810B88 /* Icon-48.png in Resources */,
				65B7D0E41F953EEA005BF088 /* blur_4.png in Resources */,
				656E74221F9FD1AD00810B88 /* Icon-172.png in Resources */,
				6597CB6E1F967E4600A59A34 /* 13c.png in Resources */,
				6597CB731F967E4600A59A34 /* 12h.png in Resources */,
				65B7D1271F95448E005BF088 /* 2d.png in Resources */,
				656E742E1F9FD1AD00810B88 /* Icon-100.png in Resources */,
				65B7D1351F95448F005BF088 /* 9c.png in Resources */,
			);
			runOnlyForDeploymentPostprocessing = 0;
		};
/* End PBXResourcesBuildPhase section */

/* Begin PBXSourcesBuildPhase section */
		65B7D0101F95327E005BF088 /* Sources */ = {
			isa = PBXSourcesBuildPhase;
			buildActionMask = 2147483647;
			files = (
				65B7D01A1F95327E005BF088 /* ViewController.swift in Sources */,
				65B7D15F1F955326005BF088 /* PokerHands.swift in Sources */,
				652D4B0A1F99568800224760 /* UserDefaultsManager.swift in Sources */,
				65B7D0181F95327E005BF088 /* AppDelegate.swift in Sources */,
			);
			runOnlyForDeploymentPostprocessing = 0;
		};
/* End PBXSourcesBuildPhase section */

/* Begin PBXVariantGroup section */
		65B7D01B1F95327E005BF088 /* Main.storyboard */ = {
			isa = PBXVariantGroup;
			children = (
				65B7D01C1F95327E005BF088 /* Base */,
			);
			name = Main.storyboard;
			sourceTree = "<group>";
		};
		65B7D0201F95327E005BF088 /* LaunchScreen.storyboard */ = {
			isa = PBXVariantGroup;
			children = (
				65B7D0211F95327E005BF088 /* Base */,
			);
			name = LaunchScreen.storyboard;
			sourceTree = "<group>";
		};
/* End PBXVariantGroup section */

/* Begin XCBuildConfiguration section */
		65B7D0241F95327E005BF088 /* Debug */ = {
			isa = XCBuildConfiguration;
			buildSettings = {
				ALWAYS_SEARCH_USER_PATHS = NO;
				CLANG_ANALYZER_NONNULL = YES;
				CLANG_ANALYZER_NUMBER_OBJECT_CONVERSION = YES_AGGRESSIVE;
				CLANG_CXX_LANGUAGE_STANDARD = "gnu++14";
				CLANG_CXX_LIBRARY = "libc++";
				CLANG_ENABLE_MODULES = YES;
				CLANG_ENABLE_OBJC_ARC = YES;
				CLANG_WARN_BLOCK_CAPTURE_AUTORELEASING = YES;
				CLANG_WARN_BOOL_CONVERSION = YES;
				CLANG_WARN_COMMA = YES;
				CLANG_WARN_CONSTANT_CONVERSION = YES;
				CLANG_WARN_DIRECT_OBJC_ISA_USAGE = YES_ERROR;
				CLANG_WARN_DOCUMENTATION_COMMENTS = YES;
				CLANG_WARN_EMPTY_BODY = YES;
				CLANG_WARN_ENUM_CONVERSION = YES;
				CLANG_WARN_INFINITE_RECURSION = YES;
				CLANG_WARN_INT_CONVERSION = YES;
				CLANG_WARN_NON_LITERAL_NULL_CONVERSION = YES;
				CLANG_WARN_OBJC_LITERAL_CONVERSION = YES;
				CLANG_WARN_OBJC_ROOT_CLASS = YES_ERROR;
				CLANG_WARN_RANGE_LOOP_ANALYSIS = YES;
				CLANG_WARN_STRICT_PROTOTYPES = YES;
				CLANG_WARN_SUSPICIOUS_MOVE = YES;
				CLANG_WARN_UNGUARDED_AVAILABILITY = YES_AGGRESSIVE;
				CLANG_WARN_UNREACHABLE_CODE = YES;
				CLANG_WARN__DUPLICATE_METHOD_MATCH = YES;
				CODE_SIGN_IDENTITY = "iPhone Developer";
				COPY_PHASE_STRIP = NO;
				DEBUG_INFORMATION_FORMAT = dwarf;
				ENABLE_STRICT_OBJC_MSGSEND = YES;
				ENABLE_TESTABILITY = YES;
				GCC_C_LANGUAGE_STANDARD = gnu11;
				GCC_DYNAMIC_NO_PIC = NO;
				GCC_NO_COMMON_BLOCKS = YES;
				GCC_OPTIMIZATION_LEVEL = 0;
				GCC_PREPROCESSOR_DEFINITIONS = (
					"DEBUG=1",
					"$(inherited)",
				);
				GCC_WARN_64_TO_32_BIT_CONVERSION = YES;
				GCC_WARN_ABOUT_RETURN_TYPE = YES_ERROR;
				GCC_WARN_UNDECLARED_SELECTOR = YES;
				GCC_WARN_UNINITIALIZED_AUTOS = YES_AGGRESSIVE;
				GCC_WARN_UNUSED_FUNCTION = YES;
				GCC_WARN_UNUSED_VARIABLE = YES;
				IPHONEOS_DEPLOYMENT_TARGET = 11.0;
				MTL_ENABLE_DEBUG_INFO = YES;
				ONLY_ACTIVE_ARCH = YES;
				SDKROOT = iphoneos;
				SWIFT_ACTIVE_COMPILATION_CONDITIONS = DEBUG;
				SWIFT_OPTIMIZATION_LEVEL = "-Onone";
			};
			name = Debug;
		};
		65B7D0251F95327E005BF088 /* Release */ = {
			isa = XCBuildConfiguration;
			buildSettings = {
				ALWAYS_SEARCH_USER_PATHS = NO;
				CLANG_ANALYZER_NONNULL = YES;
				CLANG_ANALYZER_NUMBER_OBJECT_CONVERSION = YES_AGGRESSIVE;
				CLANG_CXX_LANGUAGE_STANDARD = "gnu++14";
				CLANG_CXX_LIBRARY = "libc++";
				CLANG_ENABLE_MODULES = YES;
				CLANG_ENABLE_OBJC_ARC = YES;
				CLANG_WARN_BLOCK_CAPTURE_AUTORELEASING = YES;
				CLANG_WARN_BOOL_CONVERSION = YES;
				CLANG_WARN_COMMA = YES;
				CLANG_WARN_CONSTANT_CONVERSION = YES;
				CLANG_WARN_DIRECT_OBJC_ISA_USAGE = YES_ERROR;
				CLANG_WARN_DOCUMENTATION_COMMENTS = YES;
				CLANG_WARN_EMPTY_BODY = YES;
				CLANG_WARN_ENUM_CONVERSION = YES;
				CLANG_WARN_INFINITE_RECURSION = YES;
				CLANG_WARN_INT_CONVERSION = YES;
				CLANG_WARN_NON_LITERAL_NULL_CONVERSION = YES;
				CLANG_WARN_OBJC_LITERAL_CONVERSION = YES;
				CLANG_WARN_OBJC_ROOT_CLASS = YES_ERROR;
				CLANG_WARN_RANGE_LOOP_ANALYSIS = YES;
				CLANG_WARN_STRICT_PROTOTYPES = YES;
				CLANG_WARN_SUSPICIOUS_MOVE = YES;
				CLANG_WARN_UNGUARDED_AVAILABILITY = YES_AGGRESSIVE;
				CLANG_WARN_UNREACHABLE_CODE = YES;
				CLANG_WARN__DUPLICATE_METHOD_MATCH = YES;
				CODE_SIGN_IDENTITY = "iPhone Developer";
				COPY_PHASE_STRIP = NO;
				DEBUG_INFORMATION_FORMAT = "dwarf-with-dsym";
				ENABLE_NS_ASSERTIONS = NO;
				ENABLE_STRICT_OBJC_MSGSEND = YES;
				GCC_C_LANGUAGE_STANDARD = gnu11;
				GCC_NO_COMMON_BLOCKS = YES;
				GCC_WARN_64_TO_32_BIT_CONVERSION = YES;
				GCC_WARN_ABOUT_RETURN_TYPE = YES_ERROR;
				GCC_WARN_UNDECLARED_SELECTOR = YES;
				GCC_WARN_UNINITIALIZED_AUTOS = YES_AGGRESSIVE;
				GCC_WARN_UNUSED_FUNCTION = YES;
				GCC_WARN_UNUSED_VARIABLE = YES;
				IPHONEOS_DEPLOYMENT_TARGET = 11.0;
				MTL_ENABLE_DEBUG_INFO = NO;
				SDKROOT = iphoneos;
				SWIFT_OPTIMIZATION_LEVEL = "-Owholemodule";
				VALIDATE_PRODUCT = YES;
			};
			name = Release;
		};
		65B7D0271F95327E005BF088 /* Debug */ = {
			isa = XCBuildConfiguration;
			buildSettings = {
				ASSETCATALOG_COMPILER_APPICON_NAME = AppIcon;
				CODE_SIGN_STYLE = Automatic;
				INFOPLIST_FILE = ipoker/Info.plist;
				LD_RUNPATH_SEARCH_PATHS = "$(inherited) @executable_path/Frameworks";
				PRODUCT_BUNDLE_IDENTIFIER = com.BensNed.ipoker;
				PRODUCT_NAME = "$(TARGET_NAME)";
				SWIFT_VERSION = 4.0;
				TARGETED_DEVICE_FAMILY = "1,2";
			};
			name = Debug;
		};
		65B7D0281F95327E005BF088 /* Release */ = {
			isa = XCBuildConfiguration;
			buildSettings = {
				ASSETCATALOG_COMPILER_APPICON_NAME = AppIcon;
				CODE_SIGN_STYLE = Automatic;
				INFOPLIST_FILE = ipoker/Info.plist;
				LD_RUNPATH_SEARCH_PATHS = "$(inherited) @executable_path/Frameworks";
				PRODUCT_BUNDLE_IDENTIFIER = com.BensNed.ipoker;
				PRODUCT_NAME = "$(TARGET_NAME)";
				SWIFT_VERSION = 4.0;
				TARGETED_DEVICE_FAMILY = "1,2";
			};
			name = Release;
		};
/* End XCBuildConfiguration section */

/* Begin XCConfigurationList section */
		65B7D00F1F95327D005BF088 /* Build configuration list for PBXProject "ipoker" */ = {
			isa = XCConfigurationList;
			buildConfigurations = (
				65B7D0241F95327E005BF088 /* Debug */,
				65B7D0251F95327E005BF088 /* Release */,
			);
			defaultConfigurationIsVisible = 0;
			defaultConfigurationName = Release;
		};
		65B7D0261F95327E005BF088 /* Build configuration list for PBXNativeTarget "ipoker" */ = {
			isa = XCConfigurationList;
			buildConfigurations = (
				65B7D0271F95327E005BF088 /* Debug */,
				65B7D0281F95327E005BF088 /* Release */,
			);
			defaultConfigurationIsVisible = 0;
			defaultConfigurationName = Release;
		};
/* End XCConfigurationList section */
	};
	rootObject = 65B7D00C1F95327D005BF088 /* Project object */;
}
